# This file is automatically @generated by Poetry 1.8.2 and should not be changed by hand.

[[package]]
name = "boto3"
version = "1.34.98"
description = "The AWS SDK for Python"
optional = false
python-versions = ">=3.8"
files = [
    {file = "boto3-1.34.98-py3-none-any.whl", hash = "sha256:030e43b8efe22b4cf10b9f3ef9e30cd4cf9ef9784b26efe9a4583339f2b2bcec"},
    {file = "boto3-1.34.98.tar.gz", hash = "sha256:28c10956033fa79e64529f48c3b62db86d5e4b77024a7343764b6bde6b553543"},
]

[package.dependencies]
botocore = ">=1.34.98,<1.35.0"
jmespath = ">=0.7.1,<2.0.0"
s3transfer = ">=0.10.0,<0.11.0"

[package.extras]
crt = ["botocore[crt] (>=1.21.0,<2.0a0)"]

[[package]]
name = "botocore"
version = "1.34.98"
description = "Low-level, data-driven core of boto 3."
optional = false
python-versions = ">=3.8"
files = [
    {file = "botocore-1.34.98-py3-none-any.whl", hash = "sha256:631c0031d8ce922b5752ab395ead896a0281b0dc74745a754d0351a27c5d83de"},
    {file = "botocore-1.34.98.tar.gz", hash = "sha256:4cee65df02f4b0be08ad1401965cc89efafebc50ef0727d2d17083c7f1ed2831"},
]

[package.dependencies]
jmespath = ">=0.7.1,<2.0.0"
python-dateutil = ">=2.1,<3.0.0"
urllib3 = {version = ">=1.25.4,<2.2.0 || >2.2.0,<3", markers = "python_version >= \"3.10\""}

[package.extras]
crt = ["awscrt (==0.20.9)"]

[[package]]
name = "jmespath"
version = "1.0.1"
description = "JSON Matching Expressions"
optional = false
python-versions = ">=3.7"
files = [
    {file = "jmespath-1.0.1-py3-none-any.whl", hash = "sha256:02e2e4cc71b5bcab88332eebf907519190dd9e6e82107fa7f83b1003a6252980"},
    {file = "jmespath-1.0.1.tar.gz", hash = "sha256:90261b206d6defd58fdd5e85f478bf633a2901798906be2ad389150c5c60edbe"},
]

[[package]]
name = "pymupdf"
version = "1.24.2"
description = "A high performance Python library for data extraction, analysis, conversion & manipulation of PDF (and other) documents."
optional = false
python-versions = ">=3.8"
files = [
    {file = "PyMuPDF-1.24.2-cp310-none-macosx_10_9_x86_64.whl", hash = "sha256:5faed2bbdfbea80db1bbaa5944888f27a672f2e10e16e61f7d4ff73429a00506"},
    {file = "PyMuPDF-1.24.2-cp310-none-macosx_11_0_arm64.whl", hash = "sha256:24c398e43a14e0e11f3515ea57875b5b0ee1a37d6dc59f921f69d8d16e881cb8"},
    {file = "PyMuPDF-1.24.2-cp310-none-manylinux2014_aarch64.whl", hash = "sha256:569336fe3c5f81f28aa9658861597e43e5716cbfa5b8d2602431095df76e0d7c"},
    {file = "PyMuPDF-1.24.2-cp310-none-manylinux2014_x86_64.whl", hash = "sha256:8fe58a024629c23847423b3294f0f160c72c72f953af53d183bd3328f954593a"},
    {file = "PyMuPDF-1.24.2-cp310-none-win32.whl", hash = "sha256:49224a558736303ed980252a704646fe9347c74bf70d0ad32530c62b8e0bfe33"},
    {file = "PyMuPDF-1.24.2-cp310-none-win_amd64.whl", hash = "sha256:a32c94c7ee45f2bfee766e5b957bdfe08c96b21fd9adbfb546c141621af0ca85"},
    {file = "PyMuPDF-1.24.2-cp311-none-macosx_10_9_x86_64.whl", hash = "sha256:815d9e10faa43a149d8c9928d7cefda83fd91a1f637dfb3a295620175a0af95c"},
    {file = "PyMuPDF-1.24.2-cp311-none-macosx_11_0_arm64.whl", hash = "sha256:b583add37141a9337935d014d4e1913b10e22d17f3fd656fdc5f0c0c2e65a33e"},
    {file = "PyMuPDF-1.24.2-cp311-none-manylinux2014_aarch64.whl", hash = "sha256:d6a4d4ad8cc698db25a31026311f03fd351c2db9bfd41d898494cd0baff3b679"},
    {file = "PyMuPDF-1.24.2-cp311-none-manylinux2014_x86_64.whl", hash = "sha256:7b5acb936203bdaef5945f211af8a5fb40f07059be1ba69a728425f6d522e60f"},
    {file = "PyMuPDF-1.24.2-cp311-none-win32.whl", hash = "sha256:d01d348a35438f8a1647334428ef23c6d947acae875fa61cac2be3a65b15e4f5"},
    {file = "PyMuPDF-1.24.2-cp311-none-win_amd64.whl", hash = "sha256:909ab62c752be80c3c130a9774fc27fb863d26149ba880129e0a2cf0d53cebde"},
    {file = "PyMuPDF-1.24.2-cp312-none-macosx_10_9_x86_64.whl", hash = "sha256:6a3c1f2e99a4ca43c97b1f43fdd1aed739910e25ee5bd7fe73cd4eaf59841ae3"},
    {file = "PyMuPDF-1.24.2-cp312-none-macosx_11_0_arm64.whl", hash = "sha256:3effff62943ceebbbe32a08ce4aa9c8ed4fa18fd8a462cf6130c78818c47822d"},
    {file = "PyMuPDF-1.24.2-cp312-none-manylinux2014_aarch64.whl", hash = "sha256:f3964783bf81f2ec94db4f9fa536052be3b7457824c9e9d21edb91f3a489a377"},
    {file = "PyMuPDF-1.24.2-cp312-none-manylinux2014_x86_64.whl", hash = "sha256:04af266755d4c250b46a3311062aec36ea94cecc4470a53ab79d9de56e5a753d"},
    {file = "PyMuPDF-1.24.2-cp312-none-win32.whl", hash = "sha256:3bd7bdda4c4e4f98989ce84a7b2c08033639a8be1b46fb064fdd65b20a7e7d03"},
    {file = "PyMuPDF-1.24.2-cp312-none-win_amd64.whl", hash = "sha256:ec2544f35088b29730210decfb0bdb750e0c3d2652ee470897f6d2e4a6dc1950"},
    {file = "PyMuPDF-1.24.2-cp38-none-macosx_10_9_x86_64.whl", hash = "sha256:d4fd3957fd507affbcae4536092cb3e3726e91d484be16972603c5cacae7848a"},
    {file = "PyMuPDF-1.24.2-cp38-none-macosx_11_0_arm64.whl", hash = "sha256:4290273dfcc58a2c0b1f207f5e25479b868f59e9ea6ac9241740506fa0c03c0a"},
    {file = "PyMuPDF-1.24.2-cp38-none-manylinux2014_aarch64.whl", hash = "sha256:8f52f27d1f5968b6dda4d803e7f5246626a45ab68f0626509a9e17fadcebfb69"},
    {file = "PyMuPDF-1.24.2-cp38-none-manylinux2014_x86_64.whl", hash = "sha256:db650840eb3efbdc97df94210d0400042c863b08348d67037495d221ec4e8b7f"},
    {file = "PyMuPDF-1.24.2-cp38-none-win32.whl", hash = "sha256:423217223741f55f9bb7622475a94c2934495e8a843246c582c78f3680914a80"},
    {file = "PyMuPDF-1.24.2-cp38-none-win_amd64.whl", hash = "sha256:ca493fbb91d81a43d68d3547194d0c86083db49d4dd98e8f41aa5a77a26ff8fe"},
    {file = "PyMuPDF-1.24.2-cp39-none-macosx_10_9_x86_64.whl", hash = "sha256:9783b67f63e7f9b397f119de996ea8214498d163531b9371d8ea7e374cdd45cd"},
    {file = "PyMuPDF-1.24.2-cp39-none-macosx_11_0_arm64.whl", hash = "sha256:4db161926d636c0bff016ac7591edbe6b30712507079f7008cefb0fdf58055dc"},
    {file = "PyMuPDF-1.24.2-cp39-none-manylinux2014_aarch64.whl", hash = "sha256:537cc7bef86514a6fa248eeb14b588f51699388628372cf31bae7839283aa628"},
    {file = "PyMuPDF-1.24.2-cp39-none-manylinux2014_x86_64.whl", hash = "sha256:a124b360898d24b730fe3be0e0bca438789c1568ceaad854387eee1886bb788c"},
    {file = "PyMuPDF-1.24.2-cp39-none-win32.whl", hash = "sha256:007586883fbc8acb900d46aa95520aaeb8943d05a956b26c54053ddb58dbdd5f"},
    {file = "PyMuPDF-1.24.2-cp39-none-win_amd64.whl", hash = "sha256:d89cbb1a093dbf042f503f5c7fc368d0718a652418512a7a42a2965cba27713d"},
    {file = "PyMuPDF-1.24.2.tar.gz", hash = "sha256:cdaca48b7677a0c1dc827413b90c8fe4517f789f74c6ac0fb47f6051368246bb"},
]

[package.dependencies]
PyMuPDFb = "1.24.1"

[[package]]
name = "pymupdfb"
version = "1.24.1"
description = "MuPDF shared libraries for PyMuPDF."
optional = false
python-versions = ">=3.8"
files = [
    {file = "PyMuPDFb-1.24.1-py3-none-macosx_10_9_x86_64.whl", hash = "sha256:37179e363bf69ce9be637937c5469957b96968341dabe3ce8f4b690a82e9ad92"},
    {file = "PyMuPDFb-1.24.1-py3-none-macosx_11_0_arm64.whl", hash = "sha256:17444ea7d6897c27759880ad76af537d19779f901de82ae9548598a70f614558"},
    {file = "PyMuPDFb-1.24.1-py3-none-manylinux2014_aarch64.manylinux_2_17_aarch64.whl", hash = "sha256:490f7fff4dbe362bc895cefdfc5030d712311d024d357a1388d64816eb215d34"},
    {file = "PyMuPDFb-1.24.1-py3-none-manylinux2014_x86_64.manylinux_2_17_x86_64.whl", hash = "sha256:0fbcc0d2a9ce79fa38eb4e8bb5c959b582f7a49938874e9f61d1a6f5eeb1e4b8"},
    {file = "PyMuPDFb-1.24.1-py3-none-win32.whl", hash = "sha256:ae67736058882cdd9459810a4aae9ac2b2e89ac2e916cb5fefb0f651c9739e9e"},
    {file = "PyMuPDFb-1.24.1-py3-none-win_amd64.whl", hash = "sha256:01c8b7f0ce9166310eb28c7aebcb8d5fe12a4bc082f9b00d580095eebeaf0af5"},
]

[[package]]
name = "python-dateutil"
version = "2.9.0.post0"
description = "Extensions to the standard Python datetime module"
optional = false
python-versions = "!=3.0.*,!=3.1.*,!=3.2.*,>=2.7"
files = [
    {file = "python-dateutil-2.9.0.post0.tar.gz", hash = "sha256:37dd54208da7e1cd875388217d5e00ebd4179249f90fb72437e91a35459a0ad3"},
    {file = "python_dateutil-2.9.0.post0-py2.py3-none-any.whl", hash = "sha256:a8b2bc7bffae282281c8140a97d3aa9c14da0b136dfe83f850eea9a5f7470427"},
]

[package.dependencies]
six = ">=1.5"

[[package]]
name = "s3transfer"
version = "0.10.1"
description = "An Amazon S3 Transfer Manager"
optional = false
python-versions = ">= 3.8"
files = [
    {file = "s3transfer-0.10.1-py3-none-any.whl", hash = "sha256:ceb252b11bcf87080fb7850a224fb6e05c8a776bab8f2b64b7f25b969464839d"},
    {file = "s3transfer-0.10.1.tar.gz", hash = "sha256:5683916b4c724f799e600f41dd9e10a9ff19871bf87623cc8f491cb4f5fa0a19"},
]

[package.dependencies]
botocore = ">=1.33.2,<2.0a.0"

[package.extras]
crt = ["botocore[crt] (>=1.33.2,<2.0a.0)"]

[[package]]
name = "six"
version = "1.16.0"
description = "Python 2 and 3 compatibility utilities"
optional = false
python-versions = ">=2.7, !=3.0.*, !=3.1.*, !=3.2.*"
files = [
    {file = "six-1.16.0-py2.py3-none-any.whl", hash = "sha256:8abb2f1d86890a2dfb989f9a77cfcfd3e47c2a354b01111771326f8aa26e0254"},
    {file = "six-1.16.0.tar.gz", hash = "sha256:1e61c37477a1626458e36f7b1d82aa5c9b094fa4802892072e49de9c60c4c926"},
]

[[package]]
name = "urllib3"
version = "2.2.1"
description = "HTTP library with thread-safe connection pooling, file post, and more."
optional = false
python-versions = ">=3.8"
files = [
    {file = "urllib3-2.2.1-py3-none-any.whl", hash = "sha256:450b20ec296a467077128bff42b73080516e71b56ff59a60a02bef2232c4fa9d"},
    {file = "urllib3-2.2.1.tar.gz", hash = "sha256:d0570876c61ab9e520d776c38acbbb5b05a776d3f9ff98a5c8fd5162a444cf19"},
]

[package.extras]
brotli = ["brotli (>=1.0.9)", "brotlicffi (>=0.8.0)"]
h2 = ["h2 (>=4,<5)"]
socks = ["pysocks (>=1.5.6,!=1.5.7,<2.0)"]
zstd = ["zstandard (>=0.18.0)"]

[metadata]
lock-version = "2.0"
python-versions = "~3.11"
content-hash = "9ad14ea4fd0f9c6cd5e35cbafab8b80e64e0bd477ac3058bde3280707e89c3d8"
